// !$*UTF8*$!
{
	archiveVersion = 1;
	classes = {
	};
	objectVersion = 46;
	objects = {

/* Begin PBXBuildFile section */
		CD626C801BBE6BED006DCB11 /* MemeMeModels.swift in Sources */ = {isa = PBXBuildFile; fileRef = CD626C7F1BBE6BED006DCB11 /* MemeMeModels.swift */; };
		CD7508D81BBAEA0A0040FF2D /* AppDelegate.swift in Sources */ = {isa = PBXBuildFile; fileRef = CD7508D71BBAEA0A0040FF2D /* AppDelegate.swift */; };
		CD7508DA1BBAEA0A0040FF2D /* MemeEditorViewController.swift in Sources */ = {isa = PBXBuildFile; fileRef = CD7508D91BBAEA0A0040FF2D /* MemeEditorViewController.swift */; };
		CD7508DD1BBAEA0A0040FF2D /* Main.storyboard in Resources */ = {isa = PBXBuildFile; fileRef = CD7508DB1BBAEA0A0040FF2D /* Main.storyboard */; };
		CD7508DF1BBAEA0A0040FF2D /* Assets.xcassets in Resources */ = {isa = PBXBuildFile; fileRef = CD7508DE1BBAEA0A0040FF2D /* Assets.xcassets */; };
		CD7508E21BBAEA0A0040FF2D /* LaunchScreen.storyboard in Resources */ = {isa = PBXBuildFile; fileRef = CD7508E01BBAEA0A0040FF2D /* LaunchScreen.storyboard */; };
		CD7508ED1BBAEA0A0040FF2D /* MemeMe_v_01Tests.swift in Sources */ = {isa = PBXBuildFile; fileRef = CD7508EC1BBAEA0A0040FF2D /* MemeMe_v_01Tests.swift */; };
		CD7508F81BBAEA0A0040FF2D /* MemeMe_v_01UITests.swift in Sources */ = {isa = PBXBuildFile; fileRef = CD7508F71BBAEA0A0040FF2D /* MemeMe_v_01UITests.swift */; };
		CDF48EB01BF3860F00B2094F /* MemeTableView.swift in Sources */ = {isa = PBXBuildFile; fileRef = CDF48EAF1BF3860F00B2094F /* MemeTableView.swift */; };
		CDF48EB21BF3935E00B2094F /* MemeDetailView.swift in Sources */ = {isa = PBXBuildFile; fileRef = CDF48EB11BF3935E00B2094F /* MemeDetailView.swift */; };
		CDF48EB41BF3B88A00B2094F /* MemeCollectionView.swift in Sources */ = {isa = PBXBuildFile; fileRef = CDF48EB31BF3B88A00B2094F /* MemeCollectionView.swift */; };
		CDF48EB61BF3BD2400B2094F /* MemeCollectionViewCell.swift in Sources */ = {isa = PBXBuildFile; fileRef = CDF48EB51BF3BD2400B2094F /* MemeCollectionViewCell.swift */; };
/* End PBXBuildFile section */

/* Begin PBXContainerItemProxy section */
		CD7508E91BBAEA0A0040FF2D /* PBXContainerItemProxy */ = {
			isa = PBXContainerItemProxy;
			containerPortal = CD7508CC1BBAEA0A0040FF2D /* Project object */;
			proxyType = 1;
			remoteGlobalIDString = CD7508D31BBAEA0A0040FF2D;
			remoteInfo = "MemeMe v.01";
		};
		CD7508F41BBAEA0A0040FF2D /* PBXContainerItemProxy */ = {
			isa = PBXContainerItemProxy;
			containerPortal = CD7508CC1BBAEA0A0040FF2D /* Project object */;
			proxyType = 1;
			remoteGlobalIDString = CD7508D31BBAEA0A0040FF2D;
			remoteInfo = "MemeMe v.01";
		};
/* End PBXContainerItemProxy section */

/* Begin PBXFileReference section */
		CD626C7F1BBE6BED006DCB11 /* MemeMeModels.swift */ = {isa = PBXFileReference; fileEncoding = 4; lastKnownFileType = sourcecode.swift; path = MemeMeModels.swift; sourceTree = "<group>"; };
		CD7508D41BBAEA0A0040FF2D /* MemeMe2.app */ = {isa = PBXFileReference; explicitFileType = wrapper.application; includeInIndex = 0; path = MemeMe2.app; sourceTree = BUILT_PRODUCTS_DIR; };
		CD7508D71BBAEA0A0040FF2D /* AppDelegate.swift */ = {isa = PBXFileReference; lastKnownFileType = sourcecode.swift; path = AppDelegate.swift; sourceTree = "<group>"; };
		CD7508D91BBAEA0A0040FF2D /* MemeEditorViewController.swift */ = {isa = PBXFileReference; lastKnownFileType = sourcecode.swift; path = MemeEditorViewController.swift; sourceTree = "<group>"; };
		CD7508DC1BBAEA0A0040FF2D /* Base */ = {isa = PBXFileReference; lastKnownFileType = file.storyboard; name = Base; path = Base.lproj/Main.storyboard; sourceTree = "<group>"; };
		CD7508DE1BBAEA0A0040FF2D /* Assets.xcassets */ = {isa = PBXFileReference; lastKnownFileType = folder.assetcatalog; path = Assets.xcassets; sourceTree = "<group>"; };
		CD7508E11BBAEA0A0040FF2D /* Base */ = {isa = PBXFileReference; lastKnownFileType = file.storyboard; name = Base; path = Base.lproj/LaunchScreen.storyboard; sourceTree = "<group>"; };
		CD7508E31BBAEA0A0040FF2D /* Info.plist */ = {isa = PBXFileReference; lastKnownFileType = text.plist.xml; path = Info.plist; sourceTree = "<group>"; };
		CD7508E81BBAEA0A0040FF2D /* MemeMe2.xctest */ = {isa = PBXFileReference; explicitFileType = wrapper.cfbundle; includeInIndex = 0; path = MemeMe2.xctest; sourceTree = BUILT_PRODUCTS_DIR; };
		CD7508EC1BBAEA0A0040FF2D /* MemeMe_v_01Tests.swift */ = {isa = PBXFileReference; lastKnownFileType = sourcecode.swift; path = MemeMe_v_01Tests.swift; sourceTree = "<group>"; };
		CD7508EE1BBAEA0A0040FF2D /* Info.plist */ = {isa = PBXFileReference; lastKnownFileType = text.plist.xml; path = Info.plist; sourceTree = "<group>"; };
		CD7508F31BBAEA0A0040FF2D /* MemeMe2.xctest */ = {isa = PBXFileReference; explicitFileType = wrapper.cfbundle; includeInIndex = 0; path = MemeMe2.xctest; sourceTree = BUILT_PRODUCTS_DIR; };
		CD7508F71BBAEA0A0040FF2D /* MemeMe_v_01UITests.swift */ = {isa = PBXFileReference; lastKnownFileType = sourcecode.swift; path = MemeMe_v_01UITests.swift; sourceTree = "<group>"; };
		CD7508F91BBAEA0A0040FF2D /* Info.plist */ = {isa = PBXFileReference; lastKnownFileType = text.plist.xml; path = Info.plist; sourceTree = "<group>"; };
		CDF48EAF1BF3860F00B2094F /* MemeTableView.swift */ = {isa = PBXFileReference; fileEncoding = 4; lastKnownFileType = sourcecode.swift; path = MemeTableView.swift; sourceTree = "<group>"; };
		CDF48EB11BF3935E00B2094F /* MemeDetailView.swift */ = {isa = PBXFileReference; fileEncoding = 4; lastKnownFileType = sourcecode.swift; path = MemeDetailView.swift; sourceTree = "<group>"; };
		CDF48EB31BF3B88A00B2094F /* MemeCollectionView.swift */ = {isa = PBXFileReference; fileEncoding = 4; lastKnownFileType = sourcecode.swift; path = MemeCollectionView.swift; sourceTree = "<group>"; };
		CDF48EB51BF3BD2400B2094F /* MemeCollectionViewCell.swift */ = {isa = PBXFileReference; fileEncoding = 4; lastKnownFileType = sourcecode.swift; path = MemeCollectionViewCell.swift; sourceTree = "<group>"; };
/* End PBXFileReference section */

/* Begin PBXFrameworksBuildPhase section */
		CD7508D11BBAEA0A0040FF2D /* Frameworks */ = {
			isa = PBXFrameworksBuildPhase;
			buildActionMask = 2147483647;
			files = (
			);
			runOnlyForDeploymentPostprocessing = 0;
		};
		CD7508E51BBAEA0A0040FF2D /* Frameworks */ = {
			isa = PBXFrameworksBuildPhase;
			buildActionMask = 2147483647;
			files = (
			);
			runOnlyForDeploymentPostprocessing = 0;
		};
		CD7508F01BBAEA0A0040FF2D /* Frameworks */ = {
			isa = PBXFrameworksBuildPhase;
			buildActionMask = 2147483647;
			files = (
			);
			runOnlyForDeploymentPostprocessing = 0;
		};
/* End PBXFrameworksBuildPhase section */

/* Begin PBXGroup section */
		CD7508CB1BBAEA0A0040FF2D = {
			isa = PBXGroup;
			children = (
				CD7508D61BBAEA0A0040FF2D /* MemeMe v.01 */,
				CD7508EB1BBAEA0A0040FF2D /* MemeMe v.01Tests */,
				CD7508F61BBAEA0A0040FF2D /* MemeMe v.01UITests */,
				CD7508D51BBAEA0A0040FF2D /* Products */,
			);
			sourceTree = "<group>";
		};
		CD7508D51BBAEA0A0040FF2D /* Products */ = {
			isa = PBXGroup;
			children = (
				CD7508D41BBAEA0A0040FF2D /* MemeMe2.app */,
				CD7508E81BBAEA0A0040FF2D /* MemeMe2.xctest */,
				CD7508F31BBAEA0A0040FF2D /* MemeMe2.xctest */,
			);
			name = Products;
			sourceTree = "<group>";
		};
		CD7508D61BBAEA0A0040FF2D /* MemeMe v.01 */ = {
			isa = PBXGroup;
			children = (
				CD7508D71BBAEA0A0040FF2D /* AppDelegate.swift */,
				CD7508D91BBAEA0A0040FF2D /* MemeEditorViewController.swift */,
				CD626C7F1BBE6BED006DCB11 /* MemeMeModels.swift */,
				CD7508DB1BBAEA0A0040FF2D /* Main.storyboard */,
				CD7508DE1BBAEA0A0040FF2D /* Assets.xcassets */,
				CD7508E01BBAEA0A0040FF2D /* LaunchScreen.storyboard */,
				CD7508E31BBAEA0A0040FF2D /* Info.plist */,
				CDF48EAF1BF3860F00B2094F /* MemeTableView.swift */,
				CDF48EB11BF3935E00B2094F /* MemeDetailView.swift */,
				CDF48EB31BF3B88A00B2094F /* MemeCollectionView.swift */,
				CDF48EB51BF3BD2400B2094F /* MemeCollectionViewCell.swift */,
			);
			path = "MemeMe v.01";
			sourceTree = "<group>";
		};
		CD7508EB1BBAEA0A0040FF2D /* MemeMe v.01Tests */ = {
			isa = PBXGroup;
			children = (
				CD7508EC1BBAEA0A0040FF2D /* MemeMe_v_01Tests.swift */,
				CD7508EE1BBAEA0A0040FF2D /* Info.plist */,
			);
			path = "MemeMe v.01Tests";
			sourceTree = "<group>";
		};
		CD7508F61BBAEA0A0040FF2D /* MemeMe v.01UITests */ = {
			isa = PBXGroup;
			children = (
				CD7508F71BBAEA0A0040FF2D /* MemeMe_v_01UITests.swift */,
				CD7508F91BBAEA0A0040FF2D /* Info.plist */,
			);
			path = "MemeMe v.01UITests";
			sourceTree = "<group>";
		};
/* End PBXGroup section */

/* Begin PBXNativeTarget section */
		CD7508D31BBAEA0A0040FF2D /* MemeMe2 */ = {
			isa = PBXNativeTarget;
			buildConfigurationList = CD7508FC1BBAEA0A0040FF2D /* Build configuration list for PBXNativeTarget "MemeMe2" */;
			buildPhases = (
				CD7508D01BBAEA0A0040FF2D /* Sources */,
				CD7508D11BBAEA0A0040FF2D /* Frameworks */,
				CD7508D21BBAEA0A0040FF2D /* Resources */,
			);
			buildRules = (
			);
			dependencies = (
			);
			name = MemeMe2;
			productName = "MemeMe v.01";
			productReference = CD7508D41BBAEA0A0040FF2D /* MemeMe2.app */;
			productType = "com.apple.product-type.application";
		};
		CD7508E71BBAEA0A0040FF2D /* MemeMe2Tests */ = {
			isa = PBXNativeTarget;
			buildConfigurationList = CD7508FF1BBAEA0A0040FF2D /* Build configuration list for PBXNativeTarget "MemeMe2Tests" */;
			buildPhases = (
				CD7508E41BBAEA0A0040FF2D /* Sources */,
				CD7508E51BBAEA0A0040FF2D /* Frameworks */,
				CD7508E61BBAEA0A0040FF2D /* Resources */,
			);
			buildRules = (
			);
			dependencies = (
				CD7508EA1BBAEA0A0040FF2D /* PBXTargetDependency */,
			);
			name = MemeMe2Tests;
			productName = "MemeMe v.01Tests";
			productReference = CD7508E81BBAEA0A0040FF2D /* MemeMe2.xctest */;
			productType = "com.apple.product-type.bundle.unit-test";
		};
		CD7508F21BBAEA0A0040FF2D /* MemeMe2UITests */ = {
			isa = PBXNativeTarget;
			buildConfigurationList = CD7509021BBAEA0A0040FF2D /* Build configuration list for PBXNativeTarget "MemeMe2UITests" */;
			buildPhases = (
				CD7508EF1BBAEA0A0040FF2D /* Sources */,
				CD7508F01BBAEA0A0040FF2D /* Frameworks */,
				CD7508F11BBAEA0A0040FF2D /* Resources */,
			);
			buildRules = (
			);
			dependencies = (
				CD7508F51BBAEA0A0040FF2D /* PBXTargetDependency */,
			);
			name = MemeMe2UITests;
			productName = "MemeMe v.01UITests";
			productReference = CD7508F31BBAEA0A0040FF2D /* MemeMe2.xctest */;
			productType = "com.apple.product-type.bundle.ui-testing";
		};
/* End PBXNativeTarget section */

/* Begin PBXProject section */
		CD7508CC1BBAEA0A0040FF2D /* Project object */ = {
			isa = PBXProject;
			attributes = {
				LastUpgradeCheck = 0700;
				ORGANIZATIONNAME = XZM;
				TargetAttributes = {
					CD7508D31BBAEA0A0040FF2D = {
						CreatedOnToolsVersion = 7.0;
					};
					CD7508E71BBAEA0A0040FF2D = {
						CreatedOnToolsVersion = 7.0;
						TestTargetID = CD7508D31BBAEA0A0040FF2D;
					};
					CD7508F21BBAEA0A0040FF2D = {
						CreatedOnToolsVersion = 7.0;
						TestTargetID = CD7508D31BBAEA0A0040FF2D;
					};
				};
			};
			buildConfigurationList = CD7508CF1BBAEA0A0040FF2D /* Build configuration list for PBXProject "MemeMe2" */;
			compatibilityVersion = "Xcode 3.2";
			developmentRegion = English;
			hasScannedForEncodings = 0;
			knownRegions = (
				en,
				Base,
			);
			mainGroup = CD7508CB1BBAEA0A0040FF2D;
			productRefGroup = CD7508D51BBAEA0A0040FF2D /* Products */;
			projectDirPath = "";
			projectRoot = "";
			targets = (
				CD7508D31BBAEA0A0040FF2D /* MemeMe2 */,
				CD7508E71BBAEA0A0040FF2D /* MemeMe2Tests */,
				CD7508F21BBAEA0A0040FF2D /* MemeMe2UITests */,
			);
		};
/* End PBXProject section */

/* Begin PBXResourcesBuildPhase section */
		CD7508D21BBAEA0A0040FF2D /* Resources */ = {
			isa = PBXResourcesBuildPhase;
			buildActionMask = 2147483647;
			files = (
				CD7508E21BBAEA0A0040FF2D /* LaunchScreen.storyboard in Resources */,
				CD7508DF1BBAEA0A0040FF2D /* Assets.xcassets in Resources */,
				CD7508DD1BBAEA0A0040FF2D /* Main.storyboard in Resources */,
			);
			runOnlyForDeploymentPostprocessing = 0;
		};
		CD7508E61BBAEA0A0040FF2D /* Resources */ = {
			isa = PBXResourcesBuildPhase;
			buildActionMask = 2147483647;
			files = (
			);
			runOnlyForDeploymentPostprocessing = 0;
		};
		CD7508F11BBAEA0A0040FF2D /* Resources */ = {
			isa = PBXResourcesBuildPhase;
			buildActionMask = 2147483647;
			files = (
			);
			runOnlyForDeploymentPostprocessing = 0;
		};
/* End PBXResourcesBuildPhase section */

/* Begin PBXSourcesBuildPhase section */
		CD7508D01BBAEA0A0040FF2D /* Sources */ = {
			isa = PBXSourcesBuildPhase;
			buildActionMask = 2147483647;
			files = (
				CDF48EB41BF3B88A00B2094F /* MemeCollectionView.swift in Sources */,
				CD626C801BBE6BED006DCB11 /* MemeMeModels.swift in Sources */,
				CDF48EB01BF3860F00B2094F /* MemeTableView.swift in Sources */,
				CDF48EB21BF3935E00B2094F /* MemeDetailView.swift in Sources */,
				CDF48EB61BF3BD2400B2094F /* MemeCollectionViewCell.swift in Sources */,
				CD7508DA1BBAEA0A0040FF2D /* MemeEditorViewController.swift in Sources */,
				CD7508D81BBAEA0A0040FF2D /* AppDelegate.swift in Sources */,
			);
			runOnlyForDeploymentPostprocessing = 0;
		};
		CD7508E41BBAEA0A0040FF2D /* Sources */ = {
			isa = PBXSourcesBuildPhase;
			buildActionMask = 2147483647;
			files = (
				CD7508ED1BBAEA0A0040FF2D /* MemeMe_v_01Tests.swift in Sources */,
			);
			runOnlyForDeploymentPostprocessing = 0;
		};
		CD7508EF1BBAEA0A0040FF2D /* Sources */ = {
			isa = PBXSourcesBuildPhase;
			buildActionMask = 2147483647;
			files = (
				CD7508F81BBAEA0A0040FF2D /* MemeMe_v_01UITests.swift in Sources */,
			);
			runOnlyForDeploymentPostprocessing = 0;
		};
/* End PBXSourcesBuildPhase section */

/* Begin PBXTargetDependency section */
		CD7508EA1BBAEA0A0040FF2D /* PBXTargetDependency */ = {
			isa = PBXTargetDependency;
			target = CD7508D31BBAEA0A0040FF2D /* MemeMe2 */;
			targetProxy = CD7508E91BBAEA0A0040FF2D /* PBXContainerItemProxy */;
		};
		CD7508F51BBAEA0A0040FF2D /* PBXTargetDependency */ = {
			isa = PBXTargetDependency;
			target = CD7508D31BBAEA0A0040FF2D /* MemeMe2 */;
			targetProxy = CD7508F41BBAEA0A0040FF2D /* PBXContainerItemProxy */;
		};
/* End PBXTargetDependency section */

/* Begin PBXVariantGroup section */
		CD7508DB1BBAEA0A0040FF2D /* Main.storyboard */ = {
			isa = PBXVariantGroup;
			children = (
				CD7508DC1BBAEA0A0040FF2D /* Base */,
			);
			name = Main.storyboard;
			sourceTree = "<group>";
		};
		CD7508E01BBAEA0A0040FF2D /* LaunchScreen.storyboard */ = {
			isa = PBXVariantGroup;
			children = (
				CD7508E11BBAEA0A0040FF2D /* Base */,
			);
			name = LaunchScreen.storyboard;
			sourceTree = "<group>";
		};
/* End PBXVariantGroup section */

/* Begin XCBuildConfiguration section */
		CD7508FA1BBAEA0A0040FF2D /* Debug */ = {
			isa = XCBuildConfiguration;
			buildSettings = {
				ALWAYS_SEARCH_USER_PATHS = NO;
				CLANG_CXX_LANGUAGE_STANDARD = "gnu++0x";
				CLANG_CXX_LIBRARY = "libc++";
				CLANG_ENABLE_MODULES = YES;
				CLANG_ENABLE_OBJC_ARC = YES;
				CLANG_WARN_BOOL_CONVERSION = YES;
				CLANG_WARN_CONSTANT_CONVERSION = YES;
				CLANG_WARN_DIRECT_OBJC_ISA_USAGE = YES_ERROR;
				CLANG_WARN_EMPTY_BODY = YES;
				CLANG_WARN_ENUM_CONVERSION = YES;
				CLANG_WARN_INT_CONVERSION = YES;
				CLANG_WARN_OBJC_ROOT_CLASS = YES_ERROR;
				CLANG_WARN_UNREACHABLE_CODE = YES;
				CLANG_WARN__DUPLICATE_METHOD_MATCH = YES;
				"CODE_SIGN_IDENTITY[sdk=iphoneos*]" = "iPhone Developer";
				COPY_PHASE_STRIP = NO;
				DEBUG_INFORMATION_FORMAT = dwarf;
				ENABLE_STRICT_OBJC_MSGSEND = YES;
				ENABLE_TESTABILITY = YES;
				GCC_C_LANGUAGE_STANDARD = gnu99;
				GCC_DYNAMIC_NO_PIC = NO;
				GCC_NO_COMMON_BLOCKS = YES;
				GCC_OPTIMIZATION_LEVEL = 0;
				GCC_PREPROCESSOR_DEFINITIONS = (
					"DEBUG=1",
					"$(inherited)",
				);
				GCC_WARN_64_TO_32_BIT_CONVERSION = YES;
				GCC_WARN_ABOUT_RETURN_TYPE = YES_ERROR;
				GCC_WARN_UNDECLARED_SELECTOR = YES;
				GCC_WARN_UNINITIALIZED_AUTOS = YES_AGGRESSIVE;
				GCC_WARN_UNUSED_FUNCTION = YES;
				GCC_WARN_UNUSED_VARIABLE = YES;
				IPHONEOS_DEPLOYMENT_TARGET = 9.0;
				MTL_ENABLE_DEBUG_INFO = YES;
				ONLY_ACTIVE_ARCH = YES;
				SDKROOT = iphoneos;
				SWIFT_OPTIMIZATION_LEVEL = "-Onone";
			};
			name = Debug;
		};
		CD7508FB1BBAEA0A0040FF2D /* Release */ = {
			isa = XCBuildConfiguration;
			buildSettings = {
				ALWAYS_SEARCH_USER_PATHS = NO;
				CLANG_CXX_LANGUAGE_STANDARD = "gnu++0x";
				CLANG_CXX_LIBRARY = "libc++";
				CLANG_ENABLE_MODULES = YES;
				CLANG_ENABLE_OBJC_ARC = YES;
				CLANG_WARN_BOOL_CONVERSION = YES;
				CLANG_WARN_CONSTANT_CONVERSION = YES;
				CLANG_WARN_DIRECT_OBJC_ISA_USAGE = YES_ERROR;
				CLANG_WARN_EMPTY_BODY = YES;
				CLANG_WARN_ENUM_CONVERSION = YES;
				CLANG_WARN_INT_CONVERSION = YES;
				CLANG_WARN_OBJC_ROOT_CLASS = YES_ERROR;
				CLANG_WARN_UNREACHABLE_CODE = YES;
				CLANG_WARN__DUPLICATE_METHOD_MATCH = YES;
				"CODE_SIGN_IDENTITY[sdk=iphoneos*]" = "iPhone Developer";
				COPY_PHASE_STRIP = NO;
				DEBUG_INFORMATION_FORMAT = "dwarf-with-dsym";
				ENABLE_NS_ASSERTIONS = NO;
				ENABLE_STRICT_OBJC_MSGSEND = YES;
				GCC_C_LANGUAGE_STANDARD = gnu99;
				GCC_NO_COMMON_BLOCKS = YES;
				GCC_WARN_64_TO_32_BIT_CONVERSION = YES;
				GCC_WARN_ABOUT_RETURN_TYPE = YES_ERROR;
				GCC_WARN_UNDECLARED_SELECTOR = YES;
				GCC_WARN_UNINITIALIZED_AUTOS = YES_AGGRESSIVE;
				GCC_WARN_UNUSED_FUNCTION = YES;
				GCC_WARN_UNUSED_VARIABLE = YES;
				IPHONEOS_DEPLOYMENT_TARGET = 9.0;
				MTL_ENABLE_DEBUG_INFO = NO;
				SDKROOT = iphoneos;
				VALIDATE_PRODUCT = YES;
			};
			name = Release;
		};
		CD7508FD1BBAEA0A0040FF2D /* Debug */ = {
			isa = XCBuildConfiguration;
			buildSettings = {
				ASSETCATALOG_COMPILER_APPICON_NAME = AppIcon;
				INFOPLIST_FILE = "MemeMe v.01/Info.plist";
				LD_RUNPATH_SEARCH_PATHS = "$(inherited) @executable_path/Frameworks";
				PRODUCT_BUNDLE_IDENTIFIER = XZM.MemeMe2;
				PRODUCT_NAME = MemeMe2;
			};
			name = Debug;
		};
		CD7508FE1BBAEA0A0040FF2D /* Release */ = {
			isa = XCBuildConfiguration;
			buildSettings = {
				ASSETCATALOG_COMPILER_APPICON_NAME = AppIcon;
				INFOPLIST_FILE = "MemeMe v.01/Info.plist";
				LD_RUNPATH_SEARCH_PATHS = "$(inherited) @executable_path/Frameworks";
				PRODUCT_BUNDLE_IDENTIFIER = XZM.MemeMe2;
				PRODUCT_NAME = MemeMe2;
			};
			name = Release;
		};
		CD7509001BBAEA0A0040FF2D /* Debug */ = {
			isa = XCBuildConfiguration;
			buildSettings = {
				BUNDLE_LOADER = "$(TEST_HOST)";
				INFOPLIST_FILE = "MemeMe v.01Tests/Info.plist";
				LD_RUNPATH_SEARCH_PATHS = "$(inherited) @executable_path/Frameworks @loader_path/Frameworks";
				PRODUCT_BUNDLE_IDENTIFIER = "XZM.MemeMe-v-01Tests";
				PRODUCT_NAME = MemeMe2;
				TEST_HOST = "$(BUILT_PRODUCTS_DIR)/MemeMe2.app/MemeMe2";
			};
			name = Debug;
		};
		CD7509011BBAEA0A0040FF2D /* Release */ = {
			isa = XCBuildConfiguration;
			buildSettings = {
				BUNDLE_LOADER = "$(TEST_HOST)";
				INFOPLIST_FILE = "MemeMe v.01Tests/Info.plist";
				LD_RUNPATH_SEARCH_PATHS = "$(inherited) @executable_path/Frameworks @loader_path/Frameworks";
				PRODUCT_BUNDLE_IDENTIFIER = "XZM.MemeMe-v-01Tests";
				PRODUCT_NAME = MemeMe2;
				TEST_HOST = "$(BUILT_PRODUCTS_DIR)/MemeMe2.app/MemeMe2";
			};
			name = Release;
		};
		CD7509031BBAEA0A0040FF2D /* Debug */ = {
			isa = XCBuildConfiguration;
			buildSettings = {
				INFOPLIST_FILE = "MemeMe v.01UITests/Info.plist";
				LD_RUNPATH_SEARCH_PATHS = "$(inherited) @executable_path/Frameworks @loader_path/Frameworks";
				PRODUCT_BUNDLE_IDENTIFIER = "XZM.MemeMe-v-01UITests";
				PRODUCT_NAME = MemeMe2;
				TEST_TARGET_NAME = "MemeMe v.01";
				USES_XCTRUNNER = YES;
			};
			name = Debug;
		};
		CD7509041BBAEA0A0040FF2D /* Release */ = {
			isa = XCBuildConfiguration;
			buildSettings = {
				INFOPLIST_FILE = "MemeMe v.01UITests/Info.plist";
				LD_RUNPATH_SEARCH_PATHS = "$(inherited) @executable_path/Frameworks @loader_path/Frameworks";
				PRODUCT_BUNDLE_IDENTIFIER = "XZM.MemeMe-v-01UITests";
				PRODUCT_NAME = MemeMe2;
				TEST_TARGET_NAME = "MemeMe v.01";
				USES_XCTRUNNER = YES;
			};
			name = Release;
		};
/* End XCBuildConfiguration section */

/* Begin XCConfigurationList section */
		CD7508CF1BBAEA0A0040FF2D /* Build configuration list for PBXProject "MemeMe2" */ = {
			isa = XCConfigurationList;
			buildConfigurations = (
				CD7508FA1BBAEA0A0040FF2D /* Debug */,
				CD7508FB1BBAEA0A0040FF2D /* Release */,
			);
			defaultConfigurationIsVisible = 0;
			defaultConfigurationName = Release;
		};
		CD7508FC1BBAEA0A0040FF2D /* Build configuration list for PBXNativeTarget "MemeMe2" */ = {
			isa = XCConfigurationList;
			buildConfigurations = (
				CD7508FD1BBAEA0A0040FF2D /* Debug */,
				CD7508FE1BBAEA0A0040FF2D /* Release */,
			);
			defaultConfigurationIsVisible = 0;
			defaultConfigurationName = Release;
		};
		CD7508FF1BBAEA0A0040FF2D /* Build configuration list for PBXNativeTarget "MemeMe2Tests" */ = {
			isa = XCConfigurationList;
			buildConfigurations = (
				CD7509001BBAEA0A0040FF2D /* Debug */,
				CD7509011BBAEA0A0040FF2D /* Release */,
			);
			defaultConfigurationIsVisible = 0;
			defaultConfigurationName = Release;
		};
		CD7509021BBAEA0A0040FF2D /* Build configuration list for PBXNativeTarget "MemeMe2UITests" */ = {
			isa = XCConfigurationList;
			buildConfigurations = (
				CD7509031BBAEA0A0040FF2D /* Debug */,
				CD7509041BBAEA0A0040FF2D /* Release */,
			);
			defaultConfigurationIsVisible = 0;
			defaultConfigurationName = Release;
		};
/* End XCConfigurationList section */
	};
	rootObject = CD7508CC1BBAEA0A0040FF2D /* Project object */;
}
